
Microsoft Visual Studio Solution File, Format Version 12.00
# Visual Studio Version 17
VisualStudioVersion = 17.10.34916.146
MinimumVisualStudioVersion = 10.0.40219.1
Project("{FAE04EC0-301F-11D3-BF4B-00C04F79EFBC}") = "Checker", "Checker\Checker.csproj", "{C5A7F362-C4EA-4CE7-8ADA-7C76E8B4FC76}"
EndProject
Project("{FAE04EC0-301F-11D3-BF4B-00C04F79EFBC}") = "testScript", "testScript\testScript.csproj", "{F438331A-3DEC-4876-B9AC-CE5DFC7D5E0E}"
EndProject
Global
	GlobalSection(SolutionConfigurationPlatforms) = preSolution
		Debug|Any CPU = Debug|Any CPU
		Release|Any CPU = Release|Any CPU
	EndGlobalSection
	GlobalSection(ProjectConfigurationPlatforms) = postSolution
		{C5A7F362-C4EA-4CE7-8ADA-7C76E8B4FC76}.Debug|Any CPU.ActiveCfg = Debug|Any CPU
		{C5A7F362-C4EA-4CE7-8ADA-7C76E8B4FC76}.Debug|Any CPU.Build.0 = Debug|Any CPU
		{C5A7F362-C4EA-4CE7-8ADA-7C76E8B4FC76}.Release|Any CPU.ActiveCfg = Release|Any CPU
		{C5A7F362-C4EA-4CE7-8ADA-7C76E8B4FC76}.Release|Any CPU.Build.0 = Release|Any CPU
		{F438331A-3DEC-4876-B9AC-CE5DFC7D5E0E}.Debug|Any CPU.ActiveCfg = Debug|Any CPU
		{F438331A-3DEC-4876-B9AC-CE5DFC7D5E0E}.Debug|Any CPU.Build.0 = Debug|Any CPU
		{F438331A-3DEC-4876-B9AC-CE5DFC7D5E0E}.Release|Any CPU.ActiveCfg = Release|Any CPU
		{F438331A-3DEC-4876-B9AC-CE5DFC7D5E0E}.Release|Any CPU.Build.0 = Release|Any CPU
	EndGlobalSection
	GlobalSection(SolutionProperties) = preSolution
		HideSolutionNode = FALSE
	EndGlobalSection
	GlobalSection(ExtensibilityGlobals) = postSolution
		SolutionGuid = {38196E35-045B-428A-8F7E-B487D3E6DAE1}
	EndGlobalSection
EndGlobal
